
Microsoft Visual Studio Solution File, Format Version 12.00
# Visual Studio Version 16
VisualStudioVersion = 16.0.32106.194
MinimumVisualStudioVersion = 10.0.40219.1
Project("{FAE04EC0-301F-11D3-BF4B-00C04F79EFBC}") = "TestingApp", "TestingApp.csproj", "{C6A11D82-14EC-4C9A-9F49-EC009C1E152F}"
EndProject
Global
	GlobalSection(SolutionConfigurationPlatforms) = preSolution
		Debug|Any CPU = Debug|Any CPU
		Release|Any CPU = Release|Any CPU
	EndGlobalSection
	GlobalSection(ProjectConfigurationPlatforms) = postSolution
		{C6A11D82-14EC-4C9A-9F49-EC009C1E152F}.Debug|Any CPU.ActiveCfg = Debug|Any CPU
		{C6A11D82-14EC-4C9A-9F49-EC009C1E152F}.Debug|Any CPU.Build.0 = Debug|Any CPU
		{C6A11D82-14EC-4C9A-9F49-EC009C1E152F}.Release|Any CPU.ActiveCfg = Release|Any CPU
		{C6A11D82-14EC-4C9A-9F49-EC009C1E152F}.Release|Any CPU.Build.0 = Release|Any CPU
	EndGlobalSection
	GlobalSection(SolutionProperties) = preSolution
		HideSolutionNode = FALSE
	EndGlobalSection
	GlobalSection(ExtensibilityGlobals) = postSolution
		SolutionGuid = {A4CC4734-1778-4352-9454-F460F02A0501}
	EndGlobalSection
EndGlobal
